
Microsoft Visual Studio Solution File, Format Version 12.00
# Visual Studio Version 16
VisualStudioVersion = 16.0.32510.428
MinimumVisualStudioVersion = 10.0.40219.1
Project("{FAE04EC0-301F-11D3-BF4B-00C04F79EFBC}") = "BDRPracticaAPI", "BDRPracticaAPI\BDRPracticaAPI.csproj", "{F015E1A7-09AB-4B55-B123-6538BC51AE06}"
EndProject
Global
	GlobalSection(SolutionConfigurationPlatforms) = preSolution
		Debug|Any CPU = Debug|Any CPU
		Release|Any CPU = Release|Any CPU
	EndGlobalSection
	GlobalSection(ProjectConfigurationPlatforms) = postSolution
		{F015E1A7-09AB-4B55-B123-6538BC51AE06}.Debug|Any CPU.ActiveCfg = Debug|Any CPU
		{F015E1A7-09AB-4B55-B123-6538BC51AE06}.Debug|Any CPU.Build.0 = Debug|Any CPU
		{F015E1A7-09AB-4B55-B123-6538BC51AE06}.Release|Any CPU.ActiveCfg = Release|Any CPU
		{F015E1A7-09AB-4B55-B123-6538BC51AE06}.Release|Any CPU.Build.0 = Release|Any CPU
	EndGlobalSection
	GlobalSection(SolutionProperties) = preSolution
		HideSolutionNode = FALSE
	EndGlobalSection
	GlobalSection(ExtensibilityGlobals) = postSolution
		SolutionGuid = {4D497850-3837-42C9-BCE9-44F53780A0A4}
	EndGlobalSection
EndGlobal
